// !$*UTF8*$!
{
	archiveVersion = 1;
	classes = {
	};
	objectVersion = 55;
	objects = {

/* Begin PBXBuildFile section */
		6838B7D628DF7C6300156D46 /* RestCountries.swift in Sources */ = {isa = PBXBuildFile; fileRef = 6838B7D528DF7C6300156D46 /* RestCountries.swift */; };
		6838B7D928DF7DF500156D46 /* Country+Span.swift in Sources */ = {isa = PBXBuildFile; fileRef = 6838B7D828DF7DF500156D46 /* Country+Span.swift */; };
		684310C128DF73F600C2ACD7 /* FullScreenMap.swift in Sources */ = {isa = PBXBuildFile; fileRef = 684310C028DF73F600C2ACD7 /* FullScreenMap.swift */; };
		684310C428DF796200C2ACD7 /* Country+Samples.swift in Sources */ = {isa = PBXBuildFile; fileRef = 684310C328DF796200C2ACD7 /* Country+Samples.swift */; };
		684CD32E28E1A9C40053B7F3 /* CountryModelTests.swift in Sources */ = {isa = PBXBuildFile; fileRef = 684CD32D28E1A9C40053B7F3 /* CountryModelTests.swift */; };
		684CD33628E1AE160053B7F3 /* CLLocationCoordinate2D+Equatable.swift in Sources */ = {isa = PBXBuildFile; fileRef = 684CD33528E1AE160053B7F3 /* CLLocationCoordinate2D+Equatable.swift */; };
		684CD33828E1AF7F0053B7F3 /* Country+Equatable.swift in Sources */ = {isa = PBXBuildFile; fileRef = 684CD33728E1AF7F0053B7F3 /* Country+Equatable.swift */; };
		684CD33B28E1B94D0053B7F3 /* NetworkingServiceTests.swift in Sources */ = {isa = PBXBuildFile; fileRef = 684CD33928E1B94A0053B7F3 /* NetworkingServiceTests.swift */; };
		684CD33D28E1BE6F0053B7F3 /* RestCountriesEndpointsTests.swift in Sources */ = {isa = PBXBuildFile; fileRef = 684CD33C28E1BE6F0053B7F3 /* RestCountriesEndpointsTests.swift */; };
		684CD34528E1F5180053B7F3 /* CountriesUITests.swift in Sources */ = {isa = PBXBuildFile; fileRef = 684CD34428E1F5180053B7F3 /* CountriesUITests.swift */; };
		6856329B28DDC4CB00AF0E9D /* CountriesApp.swift in Sources */ = {isa = PBXBuildFile; fileRef = 6856329A28DDC4CB00AF0E9D /* CountriesApp.swift */; };
		6856329D28DDC4CB00AF0E9D /* ContentView.swift in Sources */ = {isa = PBXBuildFile; fileRef = 6856329C28DDC4CB00AF0E9D /* ContentView.swift */; };
		6856329F28DDC4CC00AF0E9D /* Assets.xcassets in Resources */ = {isa = PBXBuildFile; fileRef = 6856329E28DDC4CC00AF0E9D /* Assets.xcassets */; };
		685632A228DDC4CC00AF0E9D /* Preview Assets.xcassets in Resources */ = {isa = PBXBuildFile; fileRef = 685632A128DDC4CC00AF0E9D /* Preview Assets.xcassets */; };
		685632AD28DDC6E900AF0E9D /* NetworkingService.swift in Sources */ = {isa = PBXBuildFile; fileRef = 685632AC28DDC6E900AF0E9D /* NetworkingService.swift */; };
		685632AF28DDC80600AF0E9D /* Country.swift in Sources */ = {isa = PBXBuildFile; fileRef = 685632AE28DDC80600AF0E9D /* Country.swift */; };
		685632B128DDCC8600AF0E9D /* Country+Name.swift in Sources */ = {isa = PBXBuildFile; fileRef = 685632B028DDCC8600AF0E9D /* Country+Name.swift */; };
		685632B328DDD6AC00AF0E9D /* Country+Currency.swift in Sources */ = {isa = PBXBuildFile; fileRef = 685632B228DDD6AC00AF0E9D /* Country+Currency.swift */; };
		685632B528DE00E000AF0E9D /* Country+Flag.swift in Sources */ = {isa = PBXBuildFile; fileRef = 685632B428DE00E000AF0E9D /* Country+Flag.swift */; };
		685632B728DE01A900AF0E9D /* Country+Capital.swift in Sources */ = {isa = PBXBuildFile; fileRef = 685632B628DE01A900AF0E9D /* Country+Capital.swift */; };
		685632B928DE1F3100AF0E9D /* Country+Error.swift in Sources */ = {isa = PBXBuildFile; fileRef = 685632B828DE1F3100AF0E9D /* Country+Error.swift */; };
		685632BB28DE2E9300AF0E9D /* CountryManager.swift in Sources */ = {isa = PBXBuildFile; fileRef = 685632BA28DE2E9300AF0E9D /* CountryManager.swift */; };
		685632BF28DE327600AF0E9D /* CountryRow.swift in Sources */ = {isa = PBXBuildFile; fileRef = 685632BE28DE327600AF0E9D /* CountryRow.swift */; };
		685632C128DE365100AF0E9D /* FlagImage.swift in Sources */ = {isa = PBXBuildFile; fileRef = 685632C028DE365100AF0E9D /* FlagImage.swift */; };
		685632C328DE560A00AF0E9D /* CountryDetailed.swift in Sources */ = {isa = PBXBuildFile; fileRef = 685632C228DE560A00AF0E9D /* CountryDetailed.swift */; };
		6872DFFA28DF2683000F81A9 /* Country+Continent.swift in Sources */ = {isa = PBXBuildFile; fileRef = 6872DFF928DF2683000F81A9 /* Country+Continent.swift */; };
/* End PBXBuildFile section */

/* Begin PBXContainerItemProxy section */
		684CD32F28E1A9C40053B7F3 /* PBXContainerItemProxy */ = {
			isa = PBXContainerItemProxy;
			containerPortal = 6856328F28DDC4CB00AF0E9D /* Project object */;
			proxyType = 1;
			remoteGlobalIDString = 6856329628DDC4CB00AF0E9D;
			remoteInfo = Countries;
		};
		684CD34828E1F5180053B7F3 /* PBXContainerItemProxy */ = {
			isa = PBXContainerItemProxy;
			containerPortal = 6856328F28DDC4CB00AF0E9D /* Project object */;
			proxyType = 1;
			remoteGlobalIDString = 6856329628DDC4CB00AF0E9D;
			remoteInfo = Countries;
		};
/* End PBXContainerItemProxy section */

/* Begin PBXFileReference section */
		6838B7D528DF7C6300156D46 /* RestCountries.swift */ = {isa = PBXFileReference; lastKnownFileType = sourcecode.swift; path = RestCountries.swift; sourceTree = "<group>"; };
		6838B7D828DF7DF500156D46 /* Country+Span.swift */ = {isa = PBXFileReference; lastKnownFileType = sourcecode.swift; path = "Country+Span.swift"; sourceTree = "<group>"; };
		684310C028DF73F600C2ACD7 /* FullScreenMap.swift */ = {isa = PBXFileReference; lastKnownFileType = sourcecode.swift; path = FullScreenMap.swift; sourceTree = "<group>"; };
		684310C328DF796200C2ACD7 /* Country+Samples.swift */ = {isa = PBXFileReference; lastKnownFileType = sourcecode.swift; path = "Country+Samples.swift"; sourceTree = "<group>"; };
		684CD32B28E1A9C40053B7F3 /* CountriesUnitTests.xctest */ = {isa = PBXFileReference; explicitFileType = wrapper.cfbundle; includeInIndex = 0; path = CountriesUnitTests.xctest; sourceTree = BUILT_PRODUCTS_DIR; };
		684CD32D28E1A9C40053B7F3 /* CountryModelTests.swift */ = {isa = PBXFileReference; lastKnownFileType = sourcecode.swift; path = CountryModelTests.swift; sourceTree = "<group>"; };
		684CD33528E1AE160053B7F3 /* CLLocationCoordinate2D+Equatable.swift */ = {isa = PBXFileReference; lastKnownFileType = sourcecode.swift; path = "CLLocationCoordinate2D+Equatable.swift"; sourceTree = "<group>"; };
		684CD33728E1AF7F0053B7F3 /* Country+Equatable.swift */ = {isa = PBXFileReference; lastKnownFileType = sourcecode.swift; path = "Country+Equatable.swift"; sourceTree = "<group>"; };
		684CD33928E1B94A0053B7F3 /* NetworkingServiceTests.swift */ = {isa = PBXFileReference; lastKnownFileType = sourcecode.swift; path = NetworkingServiceTests.swift; sourceTree = "<group>"; };
		684CD33C28E1BE6F0053B7F3 /* RestCountriesEndpointsTests.swift */ = {isa = PBXFileReference; lastKnownFileType = sourcecode.swift; path = RestCountriesEndpointsTests.swift; sourceTree = "<group>"; };
		684CD34228E1F5180053B7F3 /* CountriesUITests.xctest */ = {isa = PBXFileReference; explicitFileType = wrapper.cfbundle; includeInIndex = 0; path = CountriesUITests.xctest; sourceTree = BUILT_PRODUCTS_DIR; };
		684CD34428E1F5180053B7F3 /* CountriesUITests.swift */ = {isa = PBXFileReference; lastKnownFileType = sourcecode.swift; path = CountriesUITests.swift; sourceTree = "<group>"; };
		6856329728DDC4CB00AF0E9D /* Countries.app */ = {isa = PBXFileReference; explicitFileType = wrapper.application; includeInIndex = 0; path = Countries.app; sourceTree = BUILT_PRODUCTS_DIR; };
		6856329A28DDC4CB00AF0E9D /* CountriesApp.swift */ = {isa = PBXFileReference; lastKnownFileType = sourcecode.swift; path = CountriesApp.swift; sourceTree = "<group>"; };
		6856329C28DDC4CB00AF0E9D /* ContentView.swift */ = {isa = PBXFileReference; lastKnownFileType = sourcecode.swift; path = ContentView.swift; sourceTree = "<group>"; };
		6856329E28DDC4CC00AF0E9D /* Assets.xcassets */ = {isa = PBXFileReference; lastKnownFileType = folder.assetcatalog; path = Assets.xcassets; sourceTree = "<group>"; };
		685632A128DDC4CC00AF0E9D /* Preview Assets.xcassets */ = {isa = PBXFileReference; lastKnownFileType = folder.assetcatalog; path = "Preview Assets.xcassets"; sourceTree = "<group>"; };
		685632AC28DDC6E900AF0E9D /* NetworkingService.swift */ = {isa = PBXFileReference; lastKnownFileType = sourcecode.swift; path = NetworkingService.swift; sourceTree = "<group>"; };
		685632AE28DDC80600AF0E9D /* Country.swift */ = {isa = PBXFileReference; lastKnownFileType = sourcecode.swift; path = Country.swift; sourceTree = "<group>"; };
		685632B028DDCC8600AF0E9D /* Country+Name.swift */ = {isa = PBXFileReference; lastKnownFileType = sourcecode.swift; path = "Country+Name.swift"; sourceTree = "<group>"; };
		685632B228DDD6AC00AF0E9D /* Country+Currency.swift */ = {isa = PBXFileReference; lastKnownFileType = sourcecode.swift; path = "Country+Currency.swift"; sourceTree = "<group>"; };
		685632B428DE00E000AF0E9D /* Country+Flag.swift */ = {isa = PBXFileReference; lastKnownFileType = sourcecode.swift; path = "Country+Flag.swift"; sourceTree = "<group>"; };
		685632B628DE01A900AF0E9D /* Country+Capital.swift */ = {isa = PBXFileReference; lastKnownFileType = sourcecode.swift; path = "Country+Capital.swift"; sourceTree = "<group>"; };
		685632B828DE1F3100AF0E9D /* Country+Error.swift */ = {isa = PBXFileReference; lastKnownFileType = sourcecode.swift; path = "Country+Error.swift"; sourceTree = "<group>"; };
		685632BA28DE2E9300AF0E9D /* CountryManager.swift */ = {isa = PBXFileReference; lastKnownFileType = sourcecode.swift; path = CountryManager.swift; sourceTree = "<group>"; };
		685632BE28DE327600AF0E9D /* CountryRow.swift */ = {isa = PBXFileReference; lastKnownFileType = sourcecode.swift; path = CountryRow.swift; sourceTree = "<group>"; };
		685632C028DE365100AF0E9D /* FlagImage.swift */ = {isa = PBXFileReference; lastKnownFileType = sourcecode.swift; path = FlagImage.swift; sourceTree = "<group>"; };
		685632C228DE560A00AF0E9D /* CountryDetailed.swift */ = {isa = PBXFileReference; lastKnownFileType = sourcecode.swift; path = CountryDetailed.swift; sourceTree = "<group>"; };
		6872DFF928DF2683000F81A9 /* Country+Continent.swift */ = {isa = PBXFileReference; lastKnownFileType = sourcecode.swift; path = "Country+Continent.swift"; sourceTree = "<group>"; };
/* End PBXFileReference section */

/* Begin PBXFrameworksBuildPhase section */
		684CD32828E1A9C40053B7F3 /* Frameworks */ = {
			isa = PBXFrameworksBuildPhase;
			buildActionMask = 2147483647;
			files = (
			);
			runOnlyForDeploymentPostprocessing = 0;
		};
		684CD33F28E1F5180053B7F3 /* Frameworks */ = {
			isa = PBXFrameworksBuildPhase;
			buildActionMask = 2147483647;
			files = (
			);
			runOnlyForDeploymentPostprocessing = 0;
		};
		6856329428DDC4CB00AF0E9D /* Frameworks */ = {
			isa = PBXFrameworksBuildPhase;
			buildActionMask = 2147483647;
			files = (
			);
			runOnlyForDeploymentPostprocessing = 0;
		};
/* End PBXFrameworksBuildPhase section */

/* Begin PBXGroup section */
		6838B7D428DF7C3A00156D46 /* Components */ = {
			isa = PBXGroup;
			children = (
				684310C028DF73F600C2ACD7 /* FullScreenMap.swift */,
				685632C028DE365100AF0E9D /* FlagImage.swift */,
			);
			path = Components;
			sourceTree = "<group>";
		};
		6838B7D728DF7C9A00156D46 /* Endpoints */ = {
			isa = PBXGroup;
			children = (
				6838B7D528DF7C6300156D46 /* RestCountries.swift */,
			);
			path = Endpoints;
			sourceTree = "<group>";
		};
		684CD32C28E1A9C40053B7F3 /* CountriesUnitTests */ = {
			isa = PBXGroup;
			children = (
				684CD32D28E1A9C40053B7F3 /* CountryModelTests.swift */,
				684CD33928E1B94A0053B7F3 /* NetworkingServiceTests.swift */,
				684CD33C28E1BE6F0053B7F3 /* RestCountriesEndpointsTests.swift */,
			);
			path = CountriesUnitTests;
			sourceTree = "<group>";
		};
		684CD33428E1ADEC0053B7F3 /* Extensions */ = {
			isa = PBXGroup;
			children = (
				684CD33528E1AE160053B7F3 /* CLLocationCoordinate2D+Equatable.swift */,
			);
			path = Extensions;
			sourceTree = "<group>";
		};
		684CD34328E1F5180053B7F3 /* CountriesUITests */ = {
			isa = PBXGroup;
			children = (
				684CD34428E1F5180053B7F3 /* CountriesUITests.swift */,
			);
			path = CountriesUITests;
			sourceTree = "<group>";
		};
		6856328E28DDC4CB00AF0E9D = {
			isa = PBXGroup;
			children = (
				6856329928DDC4CB00AF0E9D /* Countries */,
				684CD32C28E1A9C40053B7F3 /* CountriesUnitTests */,
				684CD34328E1F5180053B7F3 /* CountriesUITests */,
				6856329828DDC4CB00AF0E9D /* Products */,
			);
			sourceTree = "<group>";
		};
		6856329828DDC4CB00AF0E9D /* Products */ = {
			isa = PBXGroup;
			children = (
				6856329728DDC4CB00AF0E9D /* Countries.app */,
				684CD32B28E1A9C40053B7F3 /* CountriesUnitTests.xctest */,
				684CD34228E1F5180053B7F3 /* CountriesUITests.xctest */,
			);
			name = Products;
			sourceTree = "<group>";
		};
		6856329928DDC4CB00AF0E9D /* Countries */ = {
			isa = PBXGroup;
			children = (
				6856329A28DDC4CB00AF0E9D /* CountriesApp.swift */,
				685632A928DDC65900AF0E9D /* Models */,
				685632A828DDC65200AF0E9D /* Views */,
				685632AA28DDC66400AF0E9D /* ViewModels */,
				685632AB28DDC67000AF0E9D /* Services */,
				684CD33428E1ADEC0053B7F3 /* Extensions */,
				6838B7D728DF7C9A00156D46 /* Endpoints */,
				6856329E28DDC4CC00AF0E9D /* Assets.xcassets */,
				685632A028DDC4CC00AF0E9D /* Preview Content */,
			);
			path = Countries;
			sourceTree = "<group>";
		};
		685632A028DDC4CC00AF0E9D /* Preview Content */ = {
			isa = PBXGroup;
			children = (
				685632A128DDC4CC00AF0E9D /* Preview Assets.xcassets */,
			);
			path = "Preview Content";
			sourceTree = "<group>";
		};
		685632A828DDC65200AF0E9D /* Views */ = {
			isa = PBXGroup;
			children = (
				6856329C28DDC4CB00AF0E9D /* ContentView.swift */,
				685632C228DE560A00AF0E9D /* CountryDetailed.swift */,
				685632BE28DE327600AF0E9D /* CountryRow.swift */,
				6838B7D428DF7C3A00156D46 /* Components */,
			);
			path = Views;
			sourceTree = "<group>";
		};
		685632A928DDC65900AF0E9D /* Models */ = {
			isa = PBXGroup;
			children = (
				685632AE28DDC80600AF0E9D /* Country.swift */,
				684CD33728E1AF7F0053B7F3 /* Country+Equatable.swift */,
				6872DFF928DF2683000F81A9 /* Country+Continent.swift */,
				685632B628DE01A900AF0E9D /* Country+Capital.swift */,
				685632B228DDD6AC00AF0E9D /* Country+Currency.swift */,
				685632B028DDCC8600AF0E9D /* Country+Name.swift */,
				685632B428DE00E000AF0E9D /* Country+Flag.swift */,
				6838B7D828DF7DF500156D46 /* Country+Span.swift */,
				684310C328DF796200C2ACD7 /* Country+Samples.swift */,
				685632B828DE1F3100AF0E9D /* Country+Error.swift */,
			);
			path = Models;
			sourceTree = "<group>";
		};
		685632AA28DDC66400AF0E9D /* ViewModels */ = {
			isa = PBXGroup;
			children = (
				685632BA28DE2E9300AF0E9D /* CountryManager.swift */,
			);
			path = ViewModels;
			sourceTree = "<group>";
		};
		685632AB28DDC67000AF0E9D /* Services */ = {
			isa = PBXGroup;
			children = (
				685632AC28DDC6E900AF0E9D /* NetworkingService.swift */,
			);
			path = Services;
			sourceTree = "<group>";
		};
/* End PBXGroup section */

/* Begin PBXNativeTarget section */
		684CD32A28E1A9C40053B7F3 /* CountriesUnitTests */ = {
			isa = PBXNativeTarget;
			buildConfigurationList = 684CD33328E1A9C40053B7F3 /* Build configuration list for PBXNativeTarget "CountriesUnitTests" */;
			buildPhases = (
				684CD32728E1A9C40053B7F3 /* Sources */,
				684CD32828E1A9C40053B7F3 /* Frameworks */,
				684CD32928E1A9C40053B7F3 /* Resources */,
			);
			buildRules = (
			);
			dependencies = (
				684CD33028E1A9C40053B7F3 /* PBXTargetDependency */,
			);
			name = CountriesUnitTests;
			productName = CountriesUnitTests;
			productReference = 684CD32B28E1A9C40053B7F3 /* CountriesUnitTests.xctest */;
			productType = "com.apple.product-type.bundle.unit-test";
		};
		684CD34128E1F5180053B7F3 /* CountriesUITests */ = {
			isa = PBXNativeTarget;
			buildConfigurationList = 684CD34A28E1F5180053B7F3 /* Build configuration list for PBXNativeTarget "CountriesUITests" */;
			buildPhases = (
				684CD33E28E1F5180053B7F3 /* Sources */,
				684CD33F28E1F5180053B7F3 /* Frameworks */,
				684CD34028E1F5180053B7F3 /* Resources */,
			);
			buildRules = (
			);
			dependencies = (
				684CD34928E1F5180053B7F3 /* PBXTargetDependency */,
			);
			name = CountriesUITests;
			productName = CountriesUITests;
			productReference = 684CD34228E1F5180053B7F3 /* CountriesUITests.xctest */;
			productType = "com.apple.product-type.bundle.ui-testing";
		};
		6856329628DDC4CB00AF0E9D /* Countries */ = {
			isa = PBXNativeTarget;
			buildConfigurationList = 685632A528DDC4CC00AF0E9D /* Build configuration list for PBXNativeTarget "Countries" */;
			buildPhases = (
				6856329328DDC4CB00AF0E9D /* Sources */,
				6856329428DDC4CB00AF0E9D /* Frameworks */,
				6856329528DDC4CB00AF0E9D /* Resources */,
			);
			buildRules = (
			);
			dependencies = (
			);
			name = Countries;
			productName = Countries;
			productReference = 6856329728DDC4CB00AF0E9D /* Countries.app */;
			productType = "com.apple.product-type.application";
		};
/* End PBXNativeTarget section */

/* Begin PBXProject section */
		6856328F28DDC4CB00AF0E9D /* Project object */ = {
			isa = PBXProject;
			attributes = {
				BuildIndependentTargetsInParallel = 1;
				LastSwiftUpdateCheck = 1340;
				LastUpgradeCheck = 1340;
				TargetAttributes = {
					684CD32A28E1A9C40053B7F3 = {
						CreatedOnToolsVersion = 13.4.1;
						TestTargetID = 6856329628DDC4CB00AF0E9D;
					};
					684CD34128E1F5180053B7F3 = {
						CreatedOnToolsVersion = 13.4.1;
						TestTargetID = 6856329628DDC4CB00AF0E9D;
					};
					6856329628DDC4CB00AF0E9D = {
						CreatedOnToolsVersion = 13.4.1;
					};
				};
			};
			buildConfigurationList = 6856329228DDC4CB00AF0E9D /* Build configuration list for PBXProject "Countries" */;
			compatibilityVersion = "Xcode 13.0";
			developmentRegion = en;
			hasScannedForEncodings = 0;
			knownRegions = (
				en,
				Base,
			);
			mainGroup = 6856328E28DDC4CB00AF0E9D;
			productRefGroup = 6856329828DDC4CB00AF0E9D /* Products */;
			projectDirPath = "";
			projectRoot = "";
			targets = (
				6856329628DDC4CB00AF0E9D /* Countries */,
				684CD32A28E1A9C40053B7F3 /* CountriesUnitTests */,
				684CD34128E1F5180053B7F3 /* CountriesUITests */,
			);
		};
/* End PBXProject section */

/* Begin PBXResourcesBuildPhase section */
		684CD32928E1A9C40053B7F3 /* Resources */ = {
			isa = PBXResourcesBuildPhase;
			buildActionMask = 2147483647;
			files = (
			);
			runOnlyForDeploymentPostprocessing = 0;
		};
		684CD34028E1F5180053B7F3 /* Resources */ = {
			isa = PBXResourcesBuildPhase;
			buildActionMask = 2147483647;
			files = (
			);
			runOnlyForDeploymentPostprocessing = 0;
		};
		6856329528DDC4CB00AF0E9D /* Resources */ = {
			isa = PBXResourcesBuildPhase;
			buildActionMask = 2147483647;
			files = (
				685632A228DDC4CC00AF0E9D /* Preview Assets.xcassets in Resources */,
				6856329F28DDC4CC00AF0E9D /* Assets.xcassets in Resources */,
			);
			runOnlyForDeploymentPostprocessing = 0;
		};
/* End PBXResourcesBuildPhase section */

/* Begin PBXSourcesBuildPhase section */
		684CD32728E1A9C40053B7F3 /* Sources */ = {
			isa = PBXSourcesBuildPhase;
			buildActionMask = 2147483647;
			files = (
				684CD32E28E1A9C40053B7F3 /* CountryModelTests.swift in Sources */,
				684CD33B28E1B94D0053B7F3 /* NetworkingServiceTests.swift in Sources */,
				684CD33D28E1BE6F0053B7F3 /* RestCountriesEndpointsTests.swift in Sources */,
			);
			runOnlyForDeploymentPostprocessing = 0;
		};
		684CD33E28E1F5180053B7F3 /* Sources */ = {
			isa = PBXSourcesBuildPhase;
			buildActionMask = 2147483647;
			files = (
				684CD34528E1F5180053B7F3 /* CountriesUITests.swift in Sources */,
			);
			runOnlyForDeploymentPostprocessing = 0;
		};
		6856329328DDC4CB00AF0E9D /* Sources */ = {
			isa = PBXSourcesBuildPhase;
			buildActionMask = 2147483647;
			files = (
				685632AF28DDC80600AF0E9D /* Country.swift in Sources */,
				684CD33628E1AE160053B7F3 /* CLLocationCoordinate2D+Equatable.swift in Sources */,
				685632B528DE00E000AF0E9D /* Country+Flag.swift in Sources */,
				6838B7D628DF7C6300156D46 /* RestCountries.swift in Sources */,
				685632C328DE560A00AF0E9D /* CountryDetailed.swift in Sources */,
				684CD33828E1AF7F0053B7F3 /* Country+Equatable.swift in Sources */,
				6872DFFA28DF2683000F81A9 /* Country+Continent.swift in Sources */,
				685632AD28DDC6E900AF0E9D /* NetworkingService.swift in Sources */,
				685632BF28DE327600AF0E9D /* CountryRow.swift in Sources */,
				684310C128DF73F600C2ACD7 /* FullScreenMap.swift in Sources */,
				6856329D28DDC4CB00AF0E9D /* ContentView.swift in Sources */,
				685632B928DE1F3100AF0E9D /* Country+Error.swift in Sources */,
				6838B7D928DF7DF500156D46 /* Country+Span.swift in Sources */,
				685632C128DE365100AF0E9D /* FlagImage.swift in Sources */,
				685632B328DDD6AC00AF0E9D /* Country+Currency.swift in Sources */,
				685632B728DE01A900AF0E9D /* Country+Capital.swift in Sources */,
				684310C428DF796200C2ACD7 /* Country+Samples.swift in Sources */,
				6856329B28DDC4CB00AF0E9D /* CountriesApp.swift in Sources */,
				685632BB28DE2E9300AF0E9D /* CountryManager.swift in Sources */,
				685632B128DDCC8600AF0E9D /* Country+Name.swift in Sources */,
			);
			runOnlyForDeploymentPostprocessing = 0;
		};
/* End PBXSourcesBuildPhase section */

/* Begin PBXTargetDependency section */
		684CD33028E1A9C40053B7F3 /* PBXTargetDependency */ = {
			isa = PBXTargetDependency;
			target = 6856329628DDC4CB00AF0E9D /* Countries */;
			targetProxy = 684CD32F28E1A9C40053B7F3 /* PBXContainerItemProxy */;
		};
		684CD34928E1F5180053B7F3 /* PBXTargetDependency */ = {
			isa = PBXTargetDependency;
			target = 6856329628DDC4CB00AF0E9D /* Countries */;
			targetProxy = 684CD34828E1F5180053B7F3 /* PBXContainerItemProxy */;
		};
/* End PBXTargetDependency section */

/* Begin XCBuildConfiguration section */
		684CD33128E1A9C40053B7F3 /* Debug */ = {
			isa = XCBuildConfiguration;
			buildSettings = {
				BUNDLE_LOADER = "$(TEST_HOST)";
				CODE_SIGN_STYLE = Automatic;
				CURRENT_PROJECT_VERSION = 1;
				DEVELOPMENT_TEAM = 692TRV33XY;
				GENERATE_INFOPLIST_FILE = YES;
				MARKETING_VERSION = 1.0;
				PRODUCT_BUNDLE_IDENTIFIER = com.apemaia99.CountriesUnitTests;
				PRODUCT_NAME = "$(TARGET_NAME)";
				SWIFT_EMIT_LOC_STRINGS = NO;
				SWIFT_VERSION = 5.0;
				TARGETED_DEVICE_FAMILY = "1,2";
				TEST_HOST = "$(BUILT_PRODUCTS_DIR)/Countries.app/Countries";
			};
			name = Debug;
		};
		684CD33228E1A9C40053B7F3 /* Release */ = {
			isa = XCBuildConfiguration;
			buildSettings = {
				BUNDLE_LOADER = "$(TEST_HOST)";
				CODE_SIGN_STYLE = Automatic;
				CURRENT_PROJECT_VERSION = 1;
				DEVELOPMENT_TEAM = 692TRV33XY;
				GENERATE_INFOPLIST_FILE = YES;
				MARKETING_VERSION = 1.0;
				PRODUCT_BUNDLE_IDENTIFIER = com.apemaia99.CountriesUnitTests;
				PRODUCT_NAME = "$(TARGET_NAME)";
				SWIFT_EMIT_LOC_STRINGS = NO;
				SWIFT_VERSION = 5.0;
				TARGETED_DEVICE_FAMILY = "1,2";
				TEST_HOST = "$(BUILT_PRODUCTS_DIR)/Countries.app/Countries";
			};
			name = Release;
		};
		684CD34B28E1F5180053B7F3 /* Debug */ = {
			isa = XCBuildConfiguration;
			buildSettings = {
				CODE_SIGN_STYLE = Automatic;
				CURRENT_PROJECT_VERSION = 1;
				DEVELOPMENT_TEAM = 692TRV33XY;
				GENERATE_INFOPLIST_FILE = YES;
				MARKETING_VERSION = 1.0;
				PRODUCT_BUNDLE_IDENTIFIER = com.apemaia99.CountriesUITests;
				PRODUCT_NAME = "$(TARGET_NAME)";
				SWIFT_EMIT_LOC_STRINGS = NO;
				SWIFT_VERSION = 5.0;
				TARGETED_DEVICE_FAMILY = "1,2";
				TEST_TARGET_NAME = Countries;
			};
			name = Debug;
		};
		684CD34C28E1F5180053B7F3 /* Release */ = {
			isa = XCBuildConfiguration;
			buildSettings = {
				CODE_SIGN_STYLE = Automatic;
				CURRENT_PROJECT_VERSION = 1;
				DEVELOPMENT_TEAM = 692TRV33XY;
				GENERATE_INFOPLIST_FILE = YES;
				MARKETING_VERSION = 1.0;
				PRODUCT_BUNDLE_IDENTIFIER = com.apemaia99.CountriesUITests;
				PRODUCT_NAME = "$(TARGET_NAME)";
				SWIFT_EMIT_LOC_STRINGS = NO;
				SWIFT_VERSION = 5.0;
				TARGETED_DEVICE_FAMILY = "1,2";
				TEST_TARGET_NAME = Countries;
			};
			name = Release;
		};
		685632A328DDC4CC00AF0E9D /* Debug */ = {
			isa = XCBuildConfiguration;
			buildSettings = {
				ALWAYS_SEARCH_USER_PATHS = NO;
				CLANG_ANALYZER_NONNULL = YES;
				CLANG_ANALYZER_NUMBER_OBJECT_CONVERSION = YES_AGGRESSIVE;
				CLANG_CXX_LANGUAGE_STANDARD = "gnu++17";
				CLANG_ENABLE_MODULES = YES;
				CLANG_ENABLE_OBJC_ARC = YES;
				CLANG_ENABLE_OBJC_WEAK = YES;
				CLANG_WARN_BLOCK_CAPTURE_AUTORELEASING = YES;
				CLANG_WARN_BOOL_CONVERSION = YES;
				CLANG_WARN_COMMA = YES;
				CLANG_WARN_CONSTANT_CONVERSION = YES;
				CLANG_WARN_DEPRECATED_OBJC_IMPLEMENTATIONS = YES;
				CLANG_WARN_DIRECT_OBJC_ISA_USAGE = YES_ERROR;
				CLANG_WARN_DOCUMENTATION_COMMENTS = YES;
				CLANG_WARN_EMPTY_BODY = YES;
				CLANG_WARN_ENUM_CONVERSION = YES;
				CLANG_WARN_INFINITE_RECURSION = YES;
				CLANG_WARN_INT_CONVERSION = YES;
				CLANG_WARN_NON_LITERAL_NULL_CONVERSION = YES;
				CLANG_WARN_OBJC_IMPLICIT_RETAIN_SELF = YES;
				CLANG_WARN_OBJC_LITERAL_CONVERSION = YES;
				CLANG_WARN_OBJC_ROOT_CLASS = YES_ERROR;
				CLANG_WARN_QUOTED_INCLUDE_IN_FRAMEWORK_HEADER = YES;
				CLANG_WARN_RANGE_LOOP_ANALYSIS = YES;
				CLANG_WARN_STRICT_PROTOTYPES = YES;
				CLANG_WARN_SUSPICIOUS_MOVE = YES;
				CLANG_WARN_UNGUARDED_AVAILABILITY = YES_AGGRESSIVE;
				CLANG_WARN_UNREACHABLE_CODE = YES;
				CLANG_WARN__DUPLICATE_METHOD_MATCH = YES;
				COPY_PHASE_STRIP = NO;
				DEBUG_INFORMATION_FORMAT = dwarf;
				ENABLE_STRICT_OBJC_MSGSEND = YES;
				ENABLE_TESTABILITY = YES;
				GCC_C_LANGUAGE_STANDARD = gnu11;
				GCC_DYNAMIC_NO_PIC = NO;
				GCC_NO_COMMON_BLOCKS = YES;
				GCC_OPTIMIZATION_LEVEL = 0;
				GCC_PREPROCESSOR_DEFINITIONS = (
					"DEBUG=1",
					"$(inherited)",
				);
				GCC_WARN_64_TO_32_BIT_CONVERSION = YES;
				GCC_WARN_ABOUT_RETURN_TYPE = YES_ERROR;
				GCC_WARN_UNDECLARED_SELECTOR = YES;
				GCC_WARN_UNINITIALIZED_AUTOS = YES_AGGRESSIVE;
				GCC_WARN_UNUSED_FUNCTION = YES;
				GCC_WARN_UNUSED_VARIABLE = YES;
				IPHONEOS_DEPLOYMENT_TARGET = 15.5;
				MTL_ENABLE_DEBUG_INFO = INCLUDE_SOURCE;
				MTL_FAST_MATH = YES;
				ONLY_ACTIVE_ARCH = YES;
				SDKROOT = iphoneos;
				SWIFT_ACTIVE_COMPILATION_CONDITIONS = DEBUG;
				SWIFT_OPTIMIZATION_LEVEL = "-Onone";
			};
			name = Debug;
		};
		685632A428DDC4CC00AF0E9D /* Release */ = {
			isa = XCBuildConfiguration;
			buildSettings = {
				ALWAYS_SEARCH_USER_PATHS = NO;
				CLANG_ANALYZER_NONNULL = YES;
				CLANG_ANALYZER_NUMBER_OBJECT_CONVERSION = YES_AGGRESSIVE;
				CLANG_CXX_LANGUAGE_STANDARD = "gnu++17";
				CLANG_ENABLE_MODULES = YES;
				CLANG_ENABLE_OBJC_ARC = YES;
				CLANG_ENABLE_OBJC_WEAK = YES;
				CLANG_WARN_BLOCK_CAPTURE_AUTORELEASING = YES;
				CLANG_WARN_BOOL_CONVERSION = YES;
				CLANG_WARN_COMMA = YES;
				CLANG_WARN_CONSTANT_CONVERSION = YES;
				CLANG_WARN_DEPRECATED_OBJC_IMPLEMENTATIONS = YES;
				CLANG_WARN_DIRECT_OBJC_ISA_USAGE = YES_ERROR;
				CLANG_WARN_DOCUMENTATION_COMMENTS = YES;
				CLANG_WARN_EMPTY_BODY = YES;
				CLANG_WARN_ENUM_CONVERSION = YES;
				CLANG_WARN_INFINITE_RECURSION = YES;
				CLANG_WARN_INT_CONVERSION = YES;
				CLANG_WARN_NON_LITERAL_NULL_CONVERSION = YES;
				CLANG_WARN_OBJC_IMPLICIT_RETAIN_SELF = YES;
				CLANG_WARN_OBJC_LITERAL_CONVERSION = YES;
				CLANG_WARN_OBJC_ROOT_CLASS = YES_ERROR;
				CLANG_WARN_QUOTED_INCLUDE_IN_FRAMEWORK_HEADER = YES;
				CLANG_WARN_RANGE_LOOP_ANALYSIS = YES;
				CLANG_WARN_STRICT_PROTOTYPES = YES;
				CLANG_WARN_SUSPICIOUS_MOVE = YES;
				CLANG_WARN_UNGUARDED_AVAILABILITY = YES_AGGRESSIVE;
				CLANG_WARN_UNREACHABLE_CODE = YES;
				CLANG_WARN__DUPLICATE_METHOD_MATCH = YES;
				COPY_PHASE_STRIP = NO;
				DEBUG_INFORMATION_FORMAT = "dwarf-with-dsym";
				ENABLE_NS_ASSERTIONS = NO;
				ENABLE_STRICT_OBJC_MSGSEND = YES;
				GCC_C_LANGUAGE_STANDARD = gnu11;
				GCC_NO_COMMON_BLOCKS = YES;
				GCC_WARN_64_TO_32_BIT_CONVERSION = YES;
				GCC_WARN_ABOUT_RETURN_TYPE = YES_ERROR;
				GCC_WARN_UNDECLARED_SELECTOR = YES;
				GCC_WARN_UNINITIALIZED_AUTOS = YES_AGGRESSIVE;
				GCC_WARN_UNUSED_FUNCTION = YES;
				GCC_WARN_UNUSED_VARIABLE = YES;
				IPHONEOS_DEPLOYMENT_TARGET = 15.5;
				MTL_ENABLE_DEBUG_INFO = NO;
				MTL_FAST_MATH = YES;
				SDKROOT = iphoneos;
				SWIFT_COMPILATION_MODE = wholemodule;
				SWIFT_OPTIMIZATION_LEVEL = "-O";
				VALIDATE_PRODUCT = YES;
			};
			name = Release;
		};
		685632A628DDC4CC00AF0E9D /* Debug */ = {
			isa = XCBuildConfiguration;
			buildSettings = {
				ASSETCATALOG_COMPILER_APPICON_NAME = AppIcon;
				ASSETCATALOG_COMPILER_GLOBAL_ACCENT_COLOR_NAME = AccentColor;
				CODE_SIGN_STYLE = Automatic;
				CURRENT_PROJECT_VERSION = 1;
				DEVELOPMENT_ASSET_PATHS = "\"Countries/Preview Content\"";
				DEVELOPMENT_TEAM = 692TRV33XY;
				ENABLE_PREVIEWS = YES;
				GENERATE_INFOPLIST_FILE = YES;
				INFOPLIST_KEY_UIApplicationSceneManifest_Generation = YES;
				INFOPLIST_KEY_UIApplicationSupportsIndirectInputEvents = YES;
				INFOPLIST_KEY_UILaunchScreen_Generation = YES;
				INFOPLIST_KEY_UISupportedInterfaceOrientations = UIInterfaceOrientationPortrait;
				INFOPLIST_KEY_UISupportedInterfaceOrientations_iPad = "";
				INFOPLIST_KEY_UISupportedInterfaceOrientations_iPhone = UIInterfaceOrientationPortrait;
				IPHONEOS_DEPLOYMENT_TARGET = 15.5;
				LD_RUNPATH_SEARCH_PATHS = (
					"$(inherited)",
					"@executable_path/Frameworks",
				);
				MARKETING_VERSION = 1.0;
				PRODUCT_BUNDLE_IDENTIFIER = com.apemaia99.Countries;
				PRODUCT_NAME = "$(TARGET_NAME)";
				SWIFT_EMIT_LOC_STRINGS = YES;
				SWIFT_VERSION = 5.0;
				TARGETED_DEVICE_FAMILY = 1;
			};
			name = Debug;
		};
		685632A728DDC4CC00AF0E9D /* Release */ = {
			isa = XCBuildConfiguration;
			buildSettings = {
				ASSETCATALOG_COMPILER_APPICON_NAME = AppIcon;
				ASSETCATALOG_COMPILER_GLOBAL_ACCENT_COLOR_NAME = AccentColor;
				CODE_SIGN_STYLE = Automatic;
				CURRENT_PROJECT_VERSION = 1;
				DEVELOPMENT_ASSET_PATHS = "\"Countries/Preview Content\"";
				DEVELOPMENT_TEAM = 692TRV33XY;
				ENABLE_PREVIEWS = YES;
				GENERATE_INFOPLIST_FILE = YES;
				INFOPLIST_KEY_UIApplicationSceneManifest_Generation = YES;
				INFOPLIST_KEY_UIApplicationSupportsIndirectInputEvents = YES;
				INFOPLIST_KEY_UILaunchScreen_Generation = YES;
				INFOPLIST_KEY_UISupportedInterfaceOrientations = UIInterfaceOrientationPortrait;
				INFOPLIST_KEY_UISupportedInterfaceOrientations_iPad = "";
				INFOPLIST_KEY_UISupportedInterfaceOrientations_iPhone = UIInterfaceOrientationPortrait;
				IPHONEOS_DEPLOYMENT_TARGET = 15.5;
				LD_RUNPATH_SEARCH_PATHS = (
					"$(inherited)",
					"@executable_path/Frameworks",
				);
				MARKETING_VERSION = 1.0;
				PRODUCT_BUNDLE_IDENTIFIER = com.apemaia99.Countries;
				PRODUCT_NAME = "$(TARGET_NAME)";
				SWIFT_EMIT_LOC_STRINGS = YES;
				SWIFT_VERSION = 5.0;
				TARGETED_DEVICE_FAMILY = 1;
			};
			name = Release;
		};
/* End XCBuildConfiguration section */

/* Begin XCConfigurationList section */
		684CD33328E1A9C40053B7F3 /* Build configuration list for PBXNativeTarget "CountriesUnitTests" */ = {
			isa = XCConfigurationList;
			buildConfigurations = (
				684CD33128E1A9C40053B7F3 /* Debug */,
				684CD33228E1A9C40053B7F3 /* Release */,
			);
			defaultConfigurationIsVisible = 0;
			defaultConfigurationName = Release;
		};
		684CD34A28E1F5180053B7F3 /* Build configuration list for PBXNativeTarget "CountriesUITests" */ = {
			isa = XCConfigurationList;
			buildConfigurations = (
				684CD34B28E1F5180053B7F3 /* Debug */,
				684CD34C28E1F5180053B7F3 /* Release */,
			);
			defaultConfigurationIsVisible = 0;
			defaultConfigurationName = Release;
		};
		6856329228DDC4CB00AF0E9D /* Build configuration list for PBXProject "Countries" */ = {
			isa = XCConfigurationList;
			buildConfigurations = (
				685632A328DDC4CC00AF0E9D /* Debug */,
				685632A428DDC4CC00AF0E9D /* Release */,
			);
			defaultConfigurationIsVisible = 0;
			defaultConfigurationName = Release;
		};
		685632A528DDC4CC00AF0E9D /* Build configuration list for PBXNativeTarget "Countries" */ = {
			isa = XCConfigurationList;
			buildConfigurations = (
				685632A628DDC4CC00AF0E9D /* Debug */,
				685632A728DDC4CC00AF0E9D /* Release */,
			);
			defaultConfigurationIsVisible = 0;
			defaultConfigurationName = Release;
		};
/* End XCConfigurationList section */
	};
	rootObject = 6856328F28DDC4CB00AF0E9D /* Project object */;
}
